// !$*UTF8*$!
{
	archiveVersion = 1;
	classes = {
	};
	objectVersion = 56;
	objects = {

/* Begin PBXBuildFile section */
		9080518B2A7BC1210056322F /* RequiredReasonAPIFinderApp.swift in Sources */ = {isa = PBXBuildFile; fileRef = 9080518A2A7BC1210056322F /* RequiredReasonAPIFinderApp.swift */; };
		9080518D2A7BC1210056322F /* ContentView.swift in Sources */ = {isa = PBXBuildFile; fileRef = 9080518C2A7BC1210056322F /* ContentView.swift */; };
		9080518F2A7BC1220056322F /* Assets.xcassets in Resources */ = {isa = PBXBuildFile; fileRef = 9080518E2A7BC1220056322F /* Assets.xcassets */; };
		908051922A7BC1220056322F /* Preview Assets.xcassets in Resources */ = {isa = PBXBuildFile; fileRef = 908051912A7BC1220056322F /* Preview Assets.xcassets */; };
		9080519A2A7BEB260056322F /* APIInfo.swift in Sources */ = {isa = PBXBuildFile; fileRef = 908051992A7BEB260056322F /* APIInfo.swift */; };
		9080519C2A7BEBBE0056322F /* APIReasons.json in Resources */ = {isa = PBXBuildFile; fileRef = 9080519B2A7BEBBE0056322F /* APIReasons.json */; };
		90CC84122A7EFBD4004E138C /* Reason.swift in Sources */ = {isa = PBXBuildFile; fileRef = 90CC84112A7EFBD4004E138C /* Reason.swift */; };
		90CC84142A7EFC6B004E138C /* DetectedUsage.swift in Sources */ = {isa = PBXBuildFile; fileRef = 90CC84132A7EFC6B004E138C /* DetectedUsage.swift */; };
		90CC84172A7EFCD1004E138C /* URL+Folder.swift in Sources */ = {isa = PBXBuildFile; fileRef = 90CC84162A7EFCD1004E138C /* URL+Folder.swift */; };
		90CC841A2A7EFCFE004E138C /* String+Search.swift in Sources */ = {isa = PBXBuildFile; fileRef = 90CC84192A7EFCFE004E138C /* String+Search.swift */; };
		90CC841C2A7EFD2D004E138C /* DropView.swift in Sources */ = {isa = PBXBuildFile; fileRef = 90CC841B2A7EFD2D004E138C /* DropView.swift */; };
		90CC841E2A7EFD8D004E138C /* ResultsView.swift in Sources */ = {isa = PBXBuildFile; fileRef = 90CC841D2A7EFD8D004E138C /* ResultsView.swift */; };
/* End PBXBuildFile section */

/* Begin PBXFileReference section */
		908051872A7BC1210056322F /* RequiredReasonAPIFinder.app */ = {isa = PBXFileReference; explicitFileType = wrapper.application; includeInIndex = 0; path = RequiredReasonAPIFinder.app; sourceTree = BUILT_PRODUCTS_DIR; };
		9080518A2A7BC1210056322F /* RequiredReasonAPIFinderApp.swift */ = {isa = PBXFileReference; lastKnownFileType = sourcecode.swift; path = RequiredReasonAPIFinderApp.swift; sourceTree = "<group>"; };
		9080518C2A7BC1210056322F /* ContentView.swift */ = {isa = PBXFileReference; lastKnownFileType = sourcecode.swift; path = ContentView.swift; sourceTree = "<group>"; };
		9080518E2A7BC1220056322F /* Assets.xcassets */ = {isa = PBXFileReference; lastKnownFileType = folder.assetcatalog; path = Assets.xcassets; sourceTree = "<group>"; };
		908051912A7BC1220056322F /* Preview Assets.xcassets */ = {isa = PBXFileReference; lastKnownFileType = folder.assetcatalog; path = "Preview Assets.xcassets"; sourceTree = "<group>"; };
		908051932A7BC1220056322F /* RequiredReasonAPIFinder.entitlements */ = {isa = PBXFileReference; lastKnownFileType = text.plist.entitlements; path = RequiredReasonAPIFinder.entitlements; sourceTree = "<group>"; };
		908051992A7BEB260056322F /* APIInfo.swift */ = {isa = PBXFileReference; lastKnownFileType = sourcecode.swift; path = APIInfo.swift; sourceTree = "<group>"; };
		9080519B2A7BEBBE0056322F /* APIReasons.json */ = {isa = PBXFileReference; lastKnownFileType = text.json; path = APIReasons.json; sourceTree = "<group>"; };
		90CC84112A7EFBD4004E138C /* Reason.swift */ = {isa = PBXFileReference; lastKnownFileType = sourcecode.swift; path = Reason.swift; sourceTree = "<group>"; };
		90CC84132A7EFC6B004E138C /* DetectedUsage.swift */ = {isa = PBXFileReference; lastKnownFileType = sourcecode.swift; path = DetectedUsage.swift; sourceTree = "<group>"; };
		90CC84162A7EFCD1004E138C /* URL+Folder.swift */ = {isa = PBXFileReference; lastKnownFileType = sourcecode.swift; path = "URL+Folder.swift"; sourceTree = "<group>"; };
		90CC84192A7EFCFE004E138C /* String+Search.swift */ = {isa = PBXFileReference; lastKnownFileType = sourcecode.swift; path = "String+Search.swift"; sourceTree = "<group>"; };
		90CC841B2A7EFD2D004E138C /* DropView.swift */ = {isa = PBXFileReference; lastKnownFileType = sourcecode.swift; path = DropView.swift; sourceTree = "<group>"; };
		90CC841D2A7EFD8D004E138C /* ResultsView.swift */ = {isa = PBXFileReference; lastKnownFileType = sourcecode.swift; path = ResultsView.swift; sourceTree = "<group>"; };
/* End PBXFileReference section */

/* Begin PBXFrameworksBuildPhase section */
		908051842A7BC1210056322F /* Frameworks */ = {
			isa = PBXFrameworksBuildPhase;
			buildActionMask = 2147483647;
			files = (
			);
			runOnlyForDeploymentPostprocessing = 0;
		};
/* End PBXFrameworksBuildPhase section */

/* Begin PBXGroup section */
		9080517E2A7BC1210056322F = {
			isa = PBXGroup;
			children = (
				908051892A7BC1210056322F /* RequiredReasonAPIFinder */,
				908051882A7BC1210056322F /* Products */,
			);
			sourceTree = "<group>";
		};
		908051882A7BC1210056322F /* Products */ = {
			isa = PBXGroup;
			children = (
				908051872A7BC1210056322F /* RequiredReasonAPIFinder.app */,
			);
			name = Products;
			sourceTree = "<group>";
		};
		908051892A7BC1210056322F /* RequiredReasonAPIFinder */ = {
			isa = PBXGroup;
			children = (
				9080518A2A7BC1210056322F /* RequiredReasonAPIFinderApp.swift */,
				9080518C2A7BC1210056322F /* ContentView.swift */,
				90CC841B2A7EFD2D004E138C /* DropView.swift */,
				90CC841D2A7EFD8D004E138C /* ResultsView.swift */,
				90CC84182A7EFCE7004E138C /* Extensions */,
				90CC84152A7EFCB6004E138C /* Model */,
				9080519B2A7BEBBE0056322F /* APIReasons.json */,
				9080518E2A7BC1220056322F /* Assets.xcassets */,
				908051932A7BC1220056322F /* RequiredReasonAPIFinder.entitlements */,
				908051902A7BC1220056322F /* Preview Content */,
			);
			path = RequiredReasonAPIFinder;
			sourceTree = "<group>";
		};
		908051902A7BC1220056322F /* Preview Content */ = {
			isa = PBXGroup;
			children = (
				908051912A7BC1220056322F /* Preview Assets.xcassets */,
			);
			path = "Preview Content";
			sourceTree = "<group>";
		};
		90CC84152A7EFCB6004E138C /* Model */ = {
			isa = PBXGroup;
			children = (
				908051992A7BEB260056322F /* APIInfo.swift */,
				90CC84112A7EFBD4004E138C /* Reason.swift */,
				90CC84132A7EFC6B004E138C /* DetectedUsage.swift */,
			);
			path = Model;
			sourceTree = "<group>";
		};
		90CC84182A7EFCE7004E138C /* Extensions */ = {
			isa = PBXGroup;
			children = (
				90CC84162A7EFCD1004E138C /* URL+Folder.swift */,
				90CC84192A7EFCFE004E138C /* String+Search.swift */,
			);
			path = Extensions;
			sourceTree = "<group>";
		};
/* End PBXGroup section */

/* Begin PBXNativeTarget section */
		908051862A7BC1210056322F /* RequiredReasonAPIFinder */ = {
			isa = PBXNativeTarget;
			buildConfigurationList = 908051962A7BC1220056322F /* Build configuration list for PBXNativeTarget "RequiredReasonAPIFinder" */;
			buildPhases = (
				908051832A7BC1210056322F /* Sources */,
				908051842A7BC1210056322F /* Frameworks */,
				908051852A7BC1210056322F /* Resources */,
			);
			buildRules = (
			);
			dependencies = (
			);
			name = RequiredReasonAPIFinder;
			productName = RequiredReasonAPIFinder;
			productReference = 908051872A7BC1210056322F /* RequiredReasonAPIFinder.app */;
			productType = "com.apple.product-type.application";
		};
/* End PBXNativeTarget section */

/* Begin PBXProject section */
		9080517F2A7BC1210056322F /* Project object */ = {
			isa = PBXProject;
			attributes = {
				BuildIndependentTargetsInParallel = 1;
				LastSwiftUpdateCheck = 1430;
				LastUpgradeCheck = 1430;
				TargetAttributes = {
					908051862A7BC1210056322F = {
						CreatedOnToolsVersion = 14.3.1;
					};
				};
			};
			buildConfigurationList = 908051822A7BC1210056322F /* Build configuration list for PBXProject "RequiredReasonAPIFinder" */;
			compatibilityVersion = "Xcode 14.0";
			developmentRegion = en;
			hasScannedForEncodings = 0;
			knownRegions = (
				en,
				Base,
			);
			mainGroup = 9080517E2A7BC1210056322F;
			productRefGroup = 908051882A7BC1210056322F /* Products */;
			projectDirPath = "";
			projectRoot = "";
			targets = (
				908051862A7BC1210056322F /* RequiredReasonAPIFinder */,
			);
		};
/* End PBXProject section */

/* Begin PBXResourcesBuildPhase section */
		908051852A7BC1210056322F /* Resources */ = {
			isa = PBXResourcesBuildPhase;
			buildActionMask = 2147483647;
			files = (
				908051922A7BC1220056322F /* Preview Assets.xcassets in Resources */,
				9080519C2A7BEBBE0056322F /* APIReasons.json in Resources */,
				9080518F2A7BC1220056322F /* Assets.xcassets in Resources */,
			);
			runOnlyForDeploymentPostprocessing = 0;
		};
/* End PBXResourcesBuildPhase section */

/* Begin PBXSourcesBuildPhase section */
		908051832A7BC1210056322F /* Sources */ = {
			isa = PBXSourcesBuildPhase;
			buildActionMask = 2147483647;
			files = (
				9080519A2A7BEB260056322F /* APIInfo.swift in Sources */,
				90CC841E2A7EFD8D004E138C /* ResultsView.swift in Sources */,
				90CC841C2A7EFD2D004E138C /* DropView.swift in Sources */,
				90CC84172A7EFCD1004E138C /* URL+Folder.swift in Sources */,
				9080518D2A7BC1210056322F /* ContentView.swift in Sources */,
				9080518B2A7BC1210056322F /* RequiredReasonAPIFinderApp.swift in Sources */,
				90CC841A2A7EFCFE004E138C /* String+Search.swift in Sources */,
				90CC84122A7EFBD4004E138C /* Reason.swift in Sources */,
				90CC84142A7EFC6B004E138C /* DetectedUsage.swift in Sources */,
			);
			runOnlyForDeploymentPostprocessing = 0;
		};
/* End PBXSourcesBuildPhase section */

/* Begin XCBuildConfiguration section */
		908051942A7BC1220056322F /* Debug */ = {
			isa = XCBuildConfiguration;
			buildSettings = {
				ALWAYS_SEARCH_USER_PATHS = NO;
				CLANG_ANALYZER_NONNULL = YES;
				CLANG_ANALYZER_NUMBER_OBJECT_CONVERSION = YES_AGGRESSIVE;
				CLANG_CXX_LANGUAGE_STANDARD = "gnu++20";
				CLANG_ENABLE_MODULES = YES;
				CLANG_ENABLE_OBJC_ARC = YES;
				CLANG_ENABLE_OBJC_WEAK = YES;
				CLANG_WARN_BLOCK_CAPTURE_AUTORELEASING = YES;
				CLANG_WARN_BOOL_CONVERSION = YES;
				CLANG_WARN_COMMA = YES;
				CLANG_WARN_CONSTANT_CONVERSION = YES;
				CLANG_WARN_DEPRECATED_OBJC_IMPLEMENTATIONS = YES;
				CLANG_WARN_DIRECT_OBJC_ISA_USAGE = YES_ERROR;
				CLANG_WARN_DOCUMENTATION_COMMENTS = YES;
				CLANG_WARN_EMPTY_BODY = YES;
				CLANG_WARN_ENUM_CONVERSION = YES;
				CLANG_WARN_INFINITE_RECURSION = YES;
				CLANG_WARN_INT_CONVERSION = YES;
				CLANG_WARN_NON_LITERAL_NULL_CONVERSION = YES;
				CLANG_WARN_OBJC_IMPLICIT_RETAIN_SELF = YES;
				CLANG_WARN_OBJC_LITERAL_CONVERSION = YES;
				CLANG_WARN_OBJC_ROOT_CLASS = YES_ERROR;
				CLANG_WARN_QUOTED_INCLUDE_IN_FRAMEWORK_HEADER = YES;
				CLANG_WARN_RANGE_LOOP_ANALYSIS = YES;
				CLANG_WARN_STRICT_PROTOTYPES = YES;
				CLANG_WARN_SUSPICIOUS_MOVE = YES;
				CLANG_WARN_UNGUARDED_AVAILABILITY = YES_AGGRESSIVE;
				CLANG_WARN_UNREACHABLE_CODE = YES;
				CLANG_WARN__DUPLICATE_METHOD_MATCH = YES;
				COPY_PHASE_STRIP = NO;
				DEBUG_INFORMATION_FORMAT = dwarf;
				ENABLE_STRICT_OBJC_MSGSEND = YES;
				ENABLE_TESTABILITY = YES;
				GCC_C_LANGUAGE_STANDARD = gnu11;
				GCC_DYNAMIC_NO_PIC = NO;
				GCC_NO_COMMON_BLOCKS = YES;
				GCC_OPTIMIZATION_LEVEL = 0;
				GCC_PREPROCESSOR_DEFINITIONS = (
					"DEBUG=1",
					"$(inherited)",
				);
				GCC_WARN_64_TO_32_BIT_CONVERSION = YES;
				GCC_WARN_ABOUT_RETURN_TYPE = YES_ERROR;
				GCC_WARN_UNDECLARED_SELECTOR = YES;
				GCC_WARN_UNINITIALIZED_AUTOS = YES_AGGRESSIVE;
				GCC_WARN_UNUSED_FUNCTION = YES;
				GCC_WARN_UNUSED_VARIABLE = YES;
				MACOSX_DEPLOYMENT_TARGET = 13.3;
				MTL_ENABLE_DEBUG_INFO = INCLUDE_SOURCE;
				MTL_FAST_MATH = YES;
				ONLY_ACTIVE_ARCH = YES;
				SDKROOT = macosx;
				SWIFT_ACTIVE_COMPILATION_CONDITIONS = DEBUG;
				SWIFT_OPTIMIZATION_LEVEL = "-Onone";
			};
			name = Debug;
		};
		908051952A7BC1220056322F /* Release */ = {
			isa = XCBuildConfiguration;
			buildSettings = {
				ALWAYS_SEARCH_USER_PATHS = NO;
				CLANG_ANALYZER_NONNULL = YES;
				CLANG_ANALYZER_NUMBER_OBJECT_CONVERSION = YES_AGGRESSIVE;
				CLANG_CXX_LANGUAGE_STANDARD = "gnu++20";
				CLANG_ENABLE_MODULES = YES;
				CLANG_ENABLE_OBJC_ARC = YES;
				CLANG_ENABLE_OBJC_WEAK = YES;
				CLANG_WARN_BLOCK_CAPTURE_AUTORELEASING = YES;
				CLANG_WARN_BOOL_CONVERSION = YES;
				CLANG_WARN_COMMA = YES;
				CLANG_WARN_CONSTANT_CONVERSION = YES;
				CLANG_WARN_DEPRECATED_OBJC_IMPLEMENTATIONS = YES;
				CLANG_WARN_DIRECT_OBJC_ISA_USAGE = YES_ERROR;
				CLANG_WARN_DOCUMENTATION_COMMENTS = YES;
				CLANG_WARN_EMPTY_BODY = YES;
				CLANG_WARN_ENUM_CONVERSION = YES;
				CLANG_WARN_INFINITE_RECURSION = YES;
				CLANG_WARN_INT_CONVERSION = YES;
				CLANG_WARN_NON_LITERAL_NULL_CONVERSION = YES;
				CLANG_WARN_OBJC_IMPLICIT_RETAIN_SELF = YES;
				CLANG_WARN_OBJC_LITERAL_CONVERSION = YES;
				CLANG_WARN_OBJC_ROOT_CLASS = YES_ERROR;
				CLANG_WARN_QUOTED_INCLUDE_IN_FRAMEWORK_HEADER = YES;
				CLANG_WARN_RANGE_LOOP_ANALYSIS = YES;
				CLANG_WARN_STRICT_PROTOTYPES = YES;
				CLANG_WARN_SUSPICIOUS_MOVE = YES;
				CLANG_WARN_UNGUARDED_AVAILABILITY = YES_AGGRESSIVE;
				CLANG_WARN_UNREACHABLE_CODE = YES;
				CLANG_WARN__DUPLICATE_METHOD_MATCH = YES;
				COPY_PHASE_STRIP = NO;
				DEBUG_INFORMATION_FORMAT = "dwarf-with-dsym";
				ENABLE_NS_ASSERTIONS = NO;
				ENABLE_STRICT_OBJC_MSGSEND = YES;
				GCC_C_LANGUAGE_STANDARD = gnu11;
				GCC_NO_COMMON_BLOCKS = YES;
				GCC_WARN_64_TO_32_BIT_CONVERSION = YES;
				GCC_WARN_ABOUT_RETURN_TYPE = YES_ERROR;
				GCC_WARN_UNDECLARED_SELECTOR = YES;
				GCC_WARN_UNINITIALIZED_AUTOS = YES_AGGRESSIVE;
				GCC_WARN_UNUSED_FUNCTION = YES;
				GCC_WARN_UNUSED_VARIABLE = YES;
				MACOSX_DEPLOYMENT_TARGET = 13.3;
				MTL_ENABLE_DEBUG_INFO = NO;
				MTL_FAST_MATH = YES;
				SDKROOT = macosx;
				SWIFT_COMPILATION_MODE = wholemodule;
				SWIFT_OPTIMIZATION_LEVEL = "-O";
			};
			name = Release;
		};
		908051972A7BC1220056322F /* Debug */ = {
			isa = XCBuildConfiguration;
			buildSettings = {
				ASSETCATALOG_COMPILER_APPICON_NAME = AppIcon;
				ASSETCATALOG_COMPILER_GLOBAL_ACCENT_COLOR_NAME = AccentColor;
				CODE_SIGN_ENTITLEMENTS = RequiredReasonAPIFinder/RequiredReasonAPIFinder.entitlements;
				CODE_SIGN_STYLE = Automatic;
				COMBINE_HIDPI_IMAGES = YES;
				CURRENT_PROJECT_VERSION = 1;
				DEVELOPMENT_ASSET_PATHS = "\"RequiredReasonAPIFinder/Preview Content\"";
				DEVELOPMENT_TEAM = UUJRBNS4WM;
				ENABLE_HARDENED_RUNTIME = YES;
				ENABLE_PREVIEWS = YES;
				GENERATE_INFOPLIST_FILE = YES;
				INFOPLIST_KEY_NSHumanReadableCopyright = "";
				LD_RUNPATH_SEARCH_PATHS = (
					"$(inherited)",
					"@executable_path/../Frameworks",
				);
				MACOSX_DEPLOYMENT_TARGET = 12.0;
				MARKETING_VERSION = 1.0;
				PRODUCT_BUNDLE_IDENTIFIER = app.antongubarenko.RequiredReasonAPIFinder;
				PRODUCT_NAME = "$(TARGET_NAME)";
				SWIFT_EMIT_LOC_STRINGS = YES;
				SWIFT_VERSION = 5.0;
			};
			name = Debug;
		};
		908051982A7BC1220056322F /* Release */ = {
			isa = XCBuildConfiguration;
			buildSettings = {
				ASSETCATALOG_COMPILER_APPICON_NAME = AppIcon;
				ASSETCATALOG_COMPILER_GLOBAL_ACCENT_COLOR_NAME = AccentColor;
				CODE_SIGN_ENTITLEMENTS = RequiredReasonAPIFinder/RequiredReasonAPIFinder.entitlements;
				CODE_SIGN_STYLE = Automatic;
				COMBINE_HIDPI_IMAGES = YES;
				CURRENT_PROJECT_VERSION = 1;
				DEVELOPMENT_ASSET_PATHS = "\"RequiredReasonAPIFinder/Preview Content\"";
				DEVELOPMENT_TEAM = UUJRBNS4WM;
				ENABLE_HARDENED_RUNTIME = YES;
				ENABLE_PREVIEWS = YES;
				GENERATE_INFOPLIST_FILE = YES;
				INFOPLIST_KEY_NSHumanReadableCopyright = "";
				LD_RUNPATH_SEARCH_PATHS = (
					"$(inherited)",
					"@executable_path/../Frameworks",
				);
				MACOSX_DEPLOYMENT_TARGET = 12.0;
				MARKETING_VERSION = 1.0;
				PRODUCT_BUNDLE_IDENTIFIER = app.antongubarenko.RequiredReasonAPIFinder;
				PRODUCT_NAME = "$(TARGET_NAME)";
				SWIFT_EMIT_LOC_STRINGS = YES;
				SWIFT_VERSION = 5.0;
			};
			name = Release;
		};
/* End XCBuildConfiguration section */

/* Begin XCConfigurationList section */
		908051822A7BC1210056322F /* Build configuration list for PBXProject "RequiredReasonAPIFinder" */ = {
			isa = XCConfigurationList;
			buildConfigurations = (
				908051942A7BC1220056322F /* Debug */,
				908051952A7BC1220056322F /* Release */,
			);
			defaultConfigurationIsVisible = 0;
			defaultConfigurationName = Release;
		};
		908051962A7BC1220056322F /* Build configuration list for PBXNativeTarget "RequiredReasonAPIFinder" */ = {
			isa = XCConfigurationList;
			buildConfigurations = (
				908051972A7BC1220056322F /* Debug */,
				908051982A7BC1220056322F /* Release */,
			);
			defaultConfigurationIsVisible = 0;
			defaultConfigurationName = Release;
		};
/* End XCConfigurationList section */
	};
	rootObject = 9080517F2A7BC1210056322F /* Project object */;
}
